// !$*UTF8*$!
{
	archiveVersion = 1;
	classes = {
	};
	objectVersion = 50;
	objects = {

/* Begin PBXBuildFile section */
		115104CC226A43F2005C1008 /* AppDelegate.swift in Sources */ = {isa = PBXBuildFile; fileRef = 115104CB226A43F2005C1008 /* AppDelegate.swift */; };
		115104CE226A43F2005C1008 /* ViewController.swift in Sources */ = {isa = PBXBuildFile; fileRef = 115104CD226A43F2005C1008 /* ViewController.swift */; };
		115104D1226A43F2005C1008 /* Main.storyboard in Resources */ = {isa = PBXBuildFile; fileRef = 115104CF226A43F2005C1008 /* Main.storyboard */; };
		115104D3226A43F5005C1008 /* Assets.xcassets in Resources */ = {isa = PBXBuildFile; fileRef = 115104D2226A43F5005C1008 /* Assets.xcassets */; };
		115104D6226A43F5005C1008 /* LaunchScreen.storyboard in Resources */ = {isa = PBXBuildFile; fileRef = 115104D4226A43F5005C1008 /* LaunchScreen.storyboard */; };
		115104DF226A477F005C1008 /* CocktailApi.swift in Sources */ = {isa = PBXBuildFile; fileRef = 115104DE226A477F005C1008 /* CocktailApi.swift */; };
		115104E2226A4993005C1008 /* Cocktail.swift in Sources */ = {isa = PBXBuildFile; fileRef = 115104E1226A4993005C1008 /* Cocktail.swift */; };
		115104E5226A6DE3005C1008 /* CocktailsByIngredientResponse.swift in Sources */ = {isa = PBXBuildFile; fileRef = 115104E4226A6DE3005C1008 /* CocktailsByIngredientResponse.swift */; };
		115104E7226A6E10005C1008 /* CocktailsByIngredientResponseDrink.swift in Sources */ = {isa = PBXBuildFile; fileRef = 115104E6226A6E10005C1008 /* CocktailsByIngredientResponseDrink.swift */; };
/* End PBXBuildFile section */

/* Begin PBXFileReference section */
		115104C8226A43F2005C1008 /* Cocktailr-iOS.app */ = {isa = PBXFileReference; explicitFileType = wrapper.application; includeInIndex = 0; path = "Cocktailr-iOS.app"; sourceTree = BUILT_PRODUCTS_DIR; };
		115104CB226A43F2005C1008 /* AppDelegate.swift */ = {isa = PBXFileReference; lastKnownFileType = sourcecode.swift; path = AppDelegate.swift; sourceTree = "<group>"; };
		115104CD226A43F2005C1008 /* ViewController.swift */ = {isa = PBXFileReference; lastKnownFileType = sourcecode.swift; path = ViewController.swift; sourceTree = "<group>"; };
		115104D0226A43F2005C1008 /* Base */ = {isa = PBXFileReference; lastKnownFileType = file.storyboard; name = Base; path = Base.lproj/Main.storyboard; sourceTree = "<group>"; };
		115104D2226A43F5005C1008 /* Assets.xcassets */ = {isa = PBXFileReference; lastKnownFileType = folder.assetcatalog; path = Assets.xcassets; sourceTree = "<group>"; };
		115104D5226A43F5005C1008 /* Base */ = {isa = PBXFileReference; lastKnownFileType = file.storyboard; name = Base; path = Base.lproj/LaunchScreen.storyboard; sourceTree = "<group>"; };
		115104D7226A43F5005C1008 /* Info.plist */ = {isa = PBXFileReference; lastKnownFileType = text.plist.xml; path = Info.plist; sourceTree = "<group>"; };
		115104DE226A477F005C1008 /* CocktailApi.swift */ = {isa = PBXFileReference; lastKnownFileType = sourcecode.swift; path = CocktailApi.swift; sourceTree = "<group>"; };
		115104E1226A4993005C1008 /* Cocktail.swift */ = {isa = PBXFileReference; lastKnownFileType = sourcecode.swift; path = Cocktail.swift; sourceTree = "<group>"; };
		115104E4226A6DE3005C1008 /* CocktailsByIngredientResponse.swift */ = {isa = PBXFileReference; lastKnownFileType = sourcecode.swift; path = CocktailsByIngredientResponse.swift; sourceTree = "<group>"; };
		115104E6226A6E10005C1008 /* CocktailsByIngredientResponseDrink.swift */ = {isa = PBXFileReference; lastKnownFileType = sourcecode.swift; path = CocktailsByIngredientResponseDrink.swift; sourceTree = "<group>"; };
/* End PBXFileReference section */

/* Begin PBXFrameworksBuildPhase section */
		115104C5226A43F2005C1008 /* Frameworks */ = {
			isa = PBXFrameworksBuildPhase;
			buildActionMask = 2147483647;
			files = (
			);
			runOnlyForDeploymentPostprocessing = 0;
		};
/* End PBXFrameworksBuildPhase section */

/* Begin PBXGroup section */
		115104BF226A43F1005C1008 = {
			isa = PBXGroup;
			children = (
				115104CA226A43F2005C1008 /* Cocktailr-iOS */,
				115104C9226A43F2005C1008 /* Products */,
			);
			sourceTree = "<group>";
		};
		115104C9226A43F2005C1008 /* Products */ = {
			isa = PBXGroup;
			children = (
				115104C8226A43F2005C1008 /* Cocktailr-iOS.app */,
			);
			name = Products;
			sourceTree = "<group>";
		};
		115104CA226A43F2005C1008 /* Cocktailr-iOS */ = {
			isa = PBXGroup;
			children = (
				115104E0226A497C005C1008 /* Models */,
				115104DD226A4760005C1008 /* Network */,
				115104CB226A43F2005C1008 /* AppDelegate.swift */,
				115104CD226A43F2005C1008 /* ViewController.swift */,
				115104CF226A43F2005C1008 /* Main.storyboard */,
				115104D2226A43F5005C1008 /* Assets.xcassets */,
				115104D4226A43F5005C1008 /* LaunchScreen.storyboard */,
				115104D7226A43F5005C1008 /* Info.plist */,
			);
			path = "Cocktailr-iOS";
			sourceTree = "<group>";
		};
		115104DD226A4760005C1008 /* Network */ = {
			isa = PBXGroup;
			children = (
				115104DE226A477F005C1008 /* CocktailApi.swift */,
			);
			path = Network;
			sourceTree = "<group>";
		};
		115104E0226A497C005C1008 /* Models */ = {
			isa = PBXGroup;
			children = (
				115104E3226A6DBB005C1008 /* ResponseModels */,
				115104E1226A4993005C1008 /* Cocktail.swift */,
			);
			path = Models;
			sourceTree = "<group>";
		};
		115104E3226A6DBB005C1008 /* ResponseModels */ = {
			isa = PBXGroup;
			children = (
				115104E4226A6DE3005C1008 /* CocktailsByIngredientResponse.swift */,
				115104E6226A6E10005C1008 /* CocktailsByIngredientResponseDrink.swift */,
			);
			path = ResponseModels;
			sourceTree = "<group>";
		};
/* End PBXGroup section */

/* Begin PBXNativeTarget section */
		115104C7226A43F2005C1008 /* Cocktailr-iOS */ = {
			isa = PBXNativeTarget;
			buildConfigurationList = 115104DA226A43F5005C1008 /* Build configuration list for PBXNativeTarget "Cocktailr-iOS" */;
			buildPhases = (
				115104C4226A43F2005C1008 /* Sources */,
				115104C5226A43F2005C1008 /* Frameworks */,
				115104C6226A43F2005C1008 /* Resources */,
			);
			buildRules = (
			);
			dependencies = (
			);
			name = "Cocktailr-iOS";
			productName = "Cocktailr-iOS";
			productReference = 115104C8226A43F2005C1008 /* Cocktailr-iOS.app */;
			productType = "com.apple.product-type.application";
		};
/* End PBXNativeTarget section */

/* Begin PBXProject section */
		115104C0226A43F1005C1008 /* Project object */ = {
			isa = PBXProject;
			attributes = {
				LastSwiftUpdateCheck = 1020;
				LastUpgradeCheck = 1020;
				ORGANIZATIONNAME = "Bram De Coninck";
				TargetAttributes = {
					115104C7226A43F2005C1008 = {
						CreatedOnToolsVersion = 10.2.1;
					};
				};
			};
			buildConfigurationList = 115104C3226A43F1005C1008 /* Build configuration list for PBXProject "Cocktailr-iOS" */;
			compatibilityVersion = "Xcode 9.3";
			developmentRegion = en;
			hasScannedForEncodings = 0;
			knownRegions = (
				en,
				Base,
			);
			mainGroup = 115104BF226A43F1005C1008;
			productRefGroup = 115104C9226A43F2005C1008 /* Products */;
			projectDirPath = "";
			projectRoot = "";
			targets = (
				115104C7226A43F2005C1008 /* Cocktailr-iOS */,
			);
		};
/* End PBXProject section */

/* Begin PBXResourcesBuildPhase section */
		115104C6226A43F2005C1008 /* Resources */ = {
			isa = PBXResourcesBuildPhase;
			buildActionMask = 2147483647;
			files = (
				115104D6226A43F5005C1008 /* LaunchScreen.storyboard in Resources */,
				115104D3226A43F5005C1008 /* Assets.xcassets in Resources */,
				115104D1226A43F2005C1008 /* Main.storyboard in Resources */,
			);
			runOnlyForDeploymentPostprocessing = 0;
		};
/* End PBXResourcesBuildPhase section */

/* Begin PBXSourcesBuildPhase section */
		115104C4226A43F2005C1008 /* Sources */ = {
			isa = PBXSourcesBuildPhase;
			buildActionMask = 2147483647;
			files = (
				115104E5226A6DE3005C1008 /* CocktailsByIngredientResponse.swift in Sources */,
				115104DF226A477F005C1008 /* CocktailApi.swift in Sources */,
				115104CE226A43F2005C1008 /* ViewController.swift in Sources */,
				115104CC226A43F2005C1008 /* AppDelegate.swift in Sources */,
				115104E2226A4993005C1008 /* Cocktail.swift in Sources */,
				115104E7226A6E10005C1008 /* CocktailsByIngredientResponseDrink.swift in Sources */,
			);
			runOnlyForDeploymentPostprocessing = 0;
		};
/* End PBXSourcesBuildPhase section */

/* Begin PBXVariantGroup section */
		115104CF226A43F2005C1008 /* Main.storyboard */ = {
			isa = PBXVariantGroup;
			children = (
				115104D0226A43F2005C1008 /* Base */,
			);
			name = Main.storyboard;
			sourceTree = "<group>";
		};
		115104D4226A43F5005C1008 /* LaunchScreen.storyboard */ = {
			isa = PBXVariantGroup;
			children = (
				115104D5226A43F5005C1008 /* Base */,
			);
			name = LaunchScreen.storyboard;
			sourceTree = "<group>";
		};
/* End PBXVariantGroup section */

/* Begin XCBuildConfiguration section */
		115104D8226A43F5005C1008 /* Debug */ = {
			isa = XCBuildConfiguration;
			buildSettings = {
				ALWAYS_SEARCH_USER_PATHS = NO;
				CLANG_ANALYZER_NONNULL = YES;
				CLANG_ANALYZER_NUMBER_OBJECT_CONVERSION = YES_AGGRESSIVE;
				CLANG_CXX_LANGUAGE_STANDARD = "gnu++14";
				CLANG_CXX_LIBRARY = "libc++";
				CLANG_ENABLE_MODULES = YES;
				CLANG_ENABLE_OBJC_ARC = YES;
				CLANG_ENABLE_OBJC_WEAK = YES;
				CLANG_WARN_BLOCK_CAPTURE_AUTORELEASING = YES;
				CLANG_WARN_BOOL_CONVERSION = YES;
				CLANG_WARN_COMMA = YES;
				CLANG_WARN_CONSTANT_CONVERSION = YES;
				CLANG_WARN_DEPRECATED_OBJC_IMPLEMENTATIONS = YES;
				CLANG_WARN_DIRECT_OBJC_ISA_USAGE = YES_ERROR;
				CLANG_WARN_DOCUMENTATION_COMMENTS = YES;
				CLANG_WARN_EMPTY_BODY = YES;
				CLANG_WARN_ENUM_CONVERSION = YES;
				CLANG_WARN_INFINITE_RECURSION = YES;
				CLANG_WARN_INT_CONVERSION = YES;
				CLANG_WARN_NON_LITERAL_NULL_CONVERSION = YES;
				CLANG_WARN_OBJC_IMPLICIT_RETAIN_SELF = YES;
				CLANG_WARN_OBJC_LITERAL_CONVERSION = YES;
				CLANG_WARN_OBJC_ROOT_CLASS = YES_ERROR;
				CLANG_WARN_RANGE_LOOP_ANALYSIS = YES;
				CLANG_WARN_STRICT_PROTOTYPES = YES;
				CLANG_WARN_SUSPICIOUS_MOVE = YES;
				CLANG_WARN_UNGUARDED_AVAILABILITY = YES_AGGRESSIVE;
				CLANG_WARN_UNREACHABLE_CODE = YES;
				CLANG_WARN__DUPLICATE_METHOD_MATCH = YES;
				CODE_SIGN_IDENTITY = "iPhone Developer";
				COPY_PHASE_STRIP = NO;
				DEBUG_INFORMATION_FORMAT = dwarf;
				ENABLE_STRICT_OBJC_MSGSEND = YES;
				ENABLE_TESTABILITY = YES;
				GCC_C_LANGUAGE_STANDARD = gnu11;
				GCC_DYNAMIC_NO_PIC = NO;
				GCC_NO_COMMON_BLOCKS = YES;
				GCC_OPTIMIZATION_LEVEL = 0;
				GCC_PREPROCESSOR_DEFINITIONS = (
					"DEBUG=1",
					"$(inherited)",
				);
				GCC_WARN_64_TO_32_BIT_CONVERSION = YES;
				GCC_WARN_ABOUT_RETURN_TYPE = YES_ERROR;
				GCC_WARN_UNDECLARED_SELECTOR = YES;
				GCC_WARN_UNINITIALIZED_AUTOS = YES_AGGRESSIVE;
				GCC_WARN_UNUSED_FUNCTION = YES;
				GCC_WARN_UNUSED_VARIABLE = YES;
				IPHONEOS_DEPLOYMENT_TARGET = 12.2;
				MTL_ENABLE_DEBUG_INFO = INCLUDE_SOURCE;
				MTL_FAST_MATH = YES;
				ONLY_ACTIVE_ARCH = YES;
				SDKROOT = iphoneos;
				SWIFT_ACTIVE_COMPILATION_CONDITIONS = DEBUG;
				SWIFT_OPTIMIZATION_LEVEL = "-Onone";
			};
			name = Debug;
		};
		115104D9226A43F5005C1008 /* Release */ = {
			isa = XCBuildConfiguration;
			buildSettings = {
				ALWAYS_SEARCH_USER_PATHS = NO;
				CLANG_ANALYZER_NONNULL = YES;
				CLANG_ANALYZER_NUMBER_OBJECT_CONVERSION = YES_AGGRESSIVE;
				CLANG_CXX_LANGUAGE_STANDARD = "gnu++14";
				CLANG_CXX_LIBRARY = "libc++";
				CLANG_ENABLE_MODULES = YES;
				CLANG_ENABLE_OBJC_ARC = YES;
				CLANG_ENABLE_OBJC_WEAK = YES;
				CLANG_WARN_BLOCK_CAPTURE_AUTORELEASING = YES;
				CLANG_WARN_BOOL_CONVERSION = YES;
				CLANG_WARN_COMMA = YES;
				CLANG_WARN_CONSTANT_CONVERSION = YES;
				CLANG_WARN_DEPRECATED_OBJC_IMPLEMENTATIONS = YES;
				CLANG_WARN_DIRECT_OBJC_ISA_USAGE = YES_ERROR;
				CLANG_WARN_DOCUMENTATION_COMMENTS = YES;
				CLANG_WARN_EMPTY_BODY = YES;
				CLANG_WARN_ENUM_CONVERSION = YES;
				CLANG_WARN_INFINITE_RECURSION = YES;
				CLANG_WARN_INT_CONVERSION = YES;
				CLANG_WARN_NON_LITERAL_NULL_CONVERSION = YES;
				CLANG_WARN_OBJC_IMPLICIT_RETAIN_SELF = YES;
				CLANG_WARN_OBJC_LITERAL_CONVERSION = YES;
				CLANG_WARN_OBJC_ROOT_CLASS = YES_ERROR;
				CLANG_WARN_RANGE_LOOP_ANALYSIS = YES;
				CLANG_WARN_STRICT_PROTOTYPES = YES;
				CLANG_WARN_SUSPICIOUS_MOVE = YES;
				CLANG_WARN_UNGUARDED_AVAILABILITY = YES_AGGRESSIVE;
				CLANG_WARN_UNREACHABLE_CODE = YES;
				CLANG_WARN__DUPLICATE_METHOD_MATCH = YES;
				CODE_SIGN_IDENTITY = "iPhone Developer";
				COPY_PHASE_STRIP = NO;
				DEBUG_INFORMATION_FORMAT = "dwarf-with-dsym";
				ENABLE_NS_ASSERTIONS = NO;
				ENABLE_STRICT_OBJC_MSGSEND = YES;
				GCC_C_LANGUAGE_STANDARD = gnu11;
				GCC_NO_COMMON_BLOCKS = YES;
				GCC_WARN_64_TO_32_BIT_CONVERSION = YES;
				GCC_WARN_ABOUT_RETURN_TYPE = YES_ERROR;
				GCC_WARN_UNDECLARED_SELECTOR = YES;
				GCC_WARN_UNINITIALIZED_AUTOS = YES_AGGRESSIVE;
				GCC_WARN_UNUSED_FUNCTION = YES;
				GCC_WARN_UNUSED_VARIABLE = YES;
				IPHONEOS_DEPLOYMENT_TARGET = 12.2;
				MTL_ENABLE_DEBUG_INFO = NO;
				MTL_FAST_MATH = YES;
				SDKROOT = iphoneos;
				SWIFT_COMPILATION_MODE = wholemodule;
				SWIFT_OPTIMIZATION_LEVEL = "-O";
				VALIDATE_PRODUCT = YES;
			};
			name = Release;
		};
		115104DB226A43F5005C1008 /* Debug */ = {
			isa = XCBuildConfiguration;
			buildSettings = {
				ASSETCATALOG_COMPILER_APPICON_NAME = AppIcon;
				CODE_SIGN_STYLE = Automatic;
				INFOPLIST_FILE = "Cocktailr-iOS/Info.plist";
				LD_RUNPATH_SEARCH_PATHS = (
					"$(inherited)",
					"@executable_path/Frameworks",
				);
				PRODUCT_BUNDLE_IDENTIFIER = "com.bramdeconinck.Cocktailr-iOS";
				PRODUCT_NAME = "$(TARGET_NAME)";
				SWIFT_VERSION = 5.0;
				TARGETED_DEVICE_FAMILY = "1,2";
			};
			name = Debug;
		};
		115104DC226A43F5005C1008 /* Release */ = {
			isa = XCBuildConfiguration;
			buildSettings = {
				ASSETCATALOG_COMPILER_APPICON_NAME = AppIcon;
				CODE_SIGN_STYLE = Automatic;
				INFOPLIST_FILE = "Cocktailr-iOS/Info.plist";
				LD_RUNPATH_SEARCH_PATHS = (
					"$(inherited)",
					"@executable_path/Frameworks",
				);
				PRODUCT_BUNDLE_IDENTIFIER = "com.bramdeconinck.Cocktailr-iOS";
				PRODUCT_NAME = "$(TARGET_NAME)";
				SWIFT_VERSION = 5.0;
				TARGETED_DEVICE_FAMILY = "1,2";
			};
			name = Release;
		};
/* End XCBuildConfiguration section */

/* Begin XCConfigurationList section */
		115104C3226A43F1005C1008 /* Build configuration list for PBXProject "Cocktailr-iOS" */ = {
			isa = XCConfigurationList;
			buildConfigurations = (
				115104D8226A43F5005C1008 /* Debug */,
				115104D9226A43F5005C1008 /* Release */,
			);
			defaultConfigurationIsVisible = 0;
			defaultConfigurationName = Release;
		};
		115104DA226A43F5005C1008 /* Build configuration list for PBXNativeTarget "Cocktailr-iOS" */ = {
			isa = XCConfigurationList;
			buildConfigurations = (
				115104DB226A43F5005C1008 /* Debug */,
				115104DC226A43F5005C1008 /* Release */,
			);
			defaultConfigurationIsVisible = 0;
			defaultConfigurationName = Release;
		};
/* End XCConfigurationList section */
	};
	rootObject = 115104C0226A43F1005C1008 /* Project object */;
}
